
Microsoft Visual Studio Solution File, Format Version 12.00
# Visual Studio 15
VisualStudioVersion = 15.0.27703.2042
MinimumVisualStudioVersion = 10.0.40219.1
Project("{FAE04EC0-301F-11D3-BF4B-00C04F79EFBC}") = "FullStack", "FullStack\FullStack.csproj", "{29C02905-AB65-4188-81AB-16FDB5A7D887}"
EndProject
Project("{FAE04EC0-301F-11D3-BF4B-00C04F79EFBC}") = "FullStack.Data", "FullStack.Data\FullStack.Data.csproj", "{C967D102-0967-4148-8350-E9DCAC20BA97}"
EndProject
Global
	GlobalSection(SolutionConfigurationPlatforms) = preSolution
		Debug|Any CPU = Debug|Any CPU
		Release|Any CPU = Release|Any CPU
	EndGlobalSection
	GlobalSection(ProjectConfigurationPlatforms) = postSolution
		{29C02905-AB65-4188-81AB-16FDB5A7D887}.Debug|Any CPU.ActiveCfg = Debug|Any CPU
		{29C02905-AB65-4188-81AB-16FDB5A7D887}.Debug|Any CPU.Build.0 = Debug|Any CPU
		{29C02905-AB65-4188-81AB-16FDB5A7D887}.Release|Any CPU.ActiveCfg = Release|Any CPU
		{29C02905-AB65-4188-81AB-16FDB5A7D887}.Release|Any CPU.Build.0 = Release|Any CPU
		{C967D102-0967-4148-8350-E9DCAC20BA97}.Debug|Any CPU.ActiveCfg = Debug|Any CPU
		{C967D102-0967-4148-8350-E9DCAC20BA97}.Debug|Any CPU.Build.0 = Debug|Any CPU
		{C967D102-0967-4148-8350-E9DCAC20BA97}.Release|Any CPU.ActiveCfg = Release|Any CPU
		{C967D102-0967-4148-8350-E9DCAC20BA97}.Release|Any CPU.Build.0 = Release|Any CPU
	EndGlobalSection
	GlobalSection(SolutionProperties) = preSolution
		HideSolutionNode = FALSE
	EndGlobalSection
	GlobalSection(ExtensibilityGlobals) = postSolution
		SolutionGuid = {CA14AAC8-D015-4502-922B-25B42ADBE8CB}
	EndGlobalSection
EndGlobal
